
Microsoft Visual Studio Solution File, Format Version 12.00
Project("{FAE04EC0-301F-11D3-BF4B-00C04F79EFBC}") = "SimpleURL.API", "SimpleURL.API\SimpleURL.API.csproj", "{3FBF1F04-4F74-4566-8A5B-DB86D61D90E0}"
EndProject
Project("{FAE04EC0-301F-11D3-BF4B-00C04F79EFBC}") = "SimpleURL.Data", "SimpleURL.Data\SimpleURL.Data.csproj", "{1B993875-AF32-450D-9B08-93903A75D69E}"
EndProject
Project("{FAE04EC0-301F-11D3-BF4B-00C04F79EFBC}") = "SimpleURL.Models", "SimpleURL.Models\SimpleURL.Models.csproj", "{736CD4B6-0792-4FA1-99EB-D5BF71E53D87}"
EndProject
Global
	GlobalSection(SolutionConfigurationPlatforms) = preSolution
		Debug|Any CPU = Debug|Any CPU
		Release|Any CPU = Release|Any CPU
	EndGlobalSection
	GlobalSection(ProjectConfigurationPlatforms) = postSolution
		{3FBF1F04-4F74-4566-8A5B-DB86D61D90E0}.Debug|Any CPU.ActiveCfg = Debug|Any CPU
		{3FBF1F04-4F74-4566-8A5B-DB86D61D90E0}.Debug|Any CPU.Build.0 = Debug|Any CPU
		{3FBF1F04-4F74-4566-8A5B-DB86D61D90E0}.Release|Any CPU.ActiveCfg = Release|Any CPU
		{3FBF1F04-4F74-4566-8A5B-DB86D61D90E0}.Release|Any CPU.Build.0 = Release|Any CPU
		{A1E433EB-D088-4198-BAF9-BF77C171AFB3}.Debug|Any CPU.ActiveCfg = Debug|Any CPU
		{A1E433EB-D088-4198-BAF9-BF77C171AFB3}.Debug|Any CPU.Build.0 = Debug|Any CPU
		{A1E433EB-D088-4198-BAF9-BF77C171AFB3}.Release|Any CPU.ActiveCfg = Release|Any CPU
		{A1E433EB-D088-4198-BAF9-BF77C171AFB3}.Release|Any CPU.Build.0 = Release|Any CPU
		{1B993875-AF32-450D-9B08-93903A75D69E}.Debug|Any CPU.ActiveCfg = Debug|Any CPU
		{1B993875-AF32-450D-9B08-93903A75D69E}.Debug|Any CPU.Build.0 = Debug|Any CPU
		{1B993875-AF32-450D-9B08-93903A75D69E}.Release|Any CPU.ActiveCfg = Release|Any CPU
		{1B993875-AF32-450D-9B08-93903A75D69E}.Release|Any CPU.Build.0 = Release|Any CPU
		{9FCA6E15-C923-49C4-BABA-EFCB7B793F5A}.Debug|Any CPU.ActiveCfg = Debug|Any CPU
		{9FCA6E15-C923-49C4-BABA-EFCB7B793F5A}.Debug|Any CPU.Build.0 = Debug|Any CPU
		{9FCA6E15-C923-49C4-BABA-EFCB7B793F5A}.Release|Any CPU.ActiveCfg = Release|Any CPU
		{9FCA6E15-C923-49C4-BABA-EFCB7B793F5A}.Release|Any CPU.Build.0 = Release|Any CPU
		{736CD4B6-0792-4FA1-99EB-D5BF71E53D87}.Debug|Any CPU.ActiveCfg = Debug|Any CPU
		{736CD4B6-0792-4FA1-99EB-D5BF71E53D87}.Debug|Any CPU.Build.0 = Debug|Any CPU
		{736CD4B6-0792-4FA1-99EB-D5BF71E53D87}.Release|Any CPU.ActiveCfg = Release|Any CPU
		{736CD4B6-0792-4FA1-99EB-D5BF71E53D87}.Release|Any CPU.Build.0 = Release|Any CPU
	EndGlobalSection
EndGlobal
